// !$*UTF8*$!
{
	archiveVersion = 1;
	classes = {
	};
	objectVersion = 77;
	objects = {

/* Begin PBXBuildFile section */
		C52C6A0C2DED0E0A00760CD2 /* WidgetKit.framework in Frameworks */ = {isa = PBXBuildFile; fileRef = C52C6A0B2DED0E0A00760CD2 /* WidgetKit.framework */; };
		C52C6A0E2DED0E0A00760CD2 /* SwiftUI.framework in Frameworks */ = {isa = PBXBuildFile; fileRef = C52C6A0D2DED0E0A00760CD2 /* SwiftUI.framework */; };
		C52C6A192DED0E0B00760CD2 /* VaktijaComplicationExtension.appex in Embed Foundation Extensions */ = {isa = PBXBuildFile; fileRef = C52C6A092DED0E0A00760CD2 /* VaktijaComplicationExtension.appex */; settings = {ATTRIBUTES = (RemoveHeadersOnCopy, ); }; };
		C55D9DDE2DEBBA22001AB943 /* vaktija-watch Watch App.app in Embed Watch Content */ = {isa = PBXBuildFile; fileRef = C55D9DDD2DEBBA22001AB943 /* vaktija-watch Watch App.app */; settings = {ATTRIBUTES = (RemoveHeadersOnCopy, ); }; };
/* End PBXBuildFile section */

/* Begin PBXContainerItemProxy section */
		C52C6A172DED0E0B00760CD2 /* PBXContainerItemProxy */ = {
			isa = PBXContainerItemProxy;
			containerPortal = C55D9DD12DEBBA22001AB943 /* Project object */;
			proxyType = 1;
			remoteGlobalIDString = C52C6A082DED0E0A00760CD2;
			remoteInfo = VaktijaComplicationExtension;
		};
		C55D9DDF2DEBBA22001AB943 /* PBXContainerItemProxy */ = {
			isa = PBXContainerItemProxy;
			containerPortal = C55D9DD12DEBBA22001AB943 /* Project object */;
			proxyType = 1;
			remoteGlobalIDString = C55D9DDC2DEBBA22001AB943;
			remoteInfo = "vaktija-watch Watch App";
		};
		C55D9DF02DEBBA24001AB943 /* PBXContainerItemProxy */ = {
			isa = PBXContainerItemProxy;
			containerPortal = C55D9DD12DEBBA22001AB943 /* Project object */;
			proxyType = 1;
			remoteGlobalIDString = C55D9DDC2DEBBA22001AB943;
			remoteInfo = "vaktija-watch Watch App";
		};
		C55D9DFA2DEBBA24001AB943 /* PBXContainerItemProxy */ = {
			isa = PBXContainerItemProxy;
			containerPortal = C55D9DD12DEBBA22001AB943 /* Project object */;
			proxyType = 1;
			remoteGlobalIDString = C55D9DDC2DEBBA22001AB943;
			remoteInfo = "vaktija-watch Watch App";
		};
/* End PBXContainerItemProxy section */

/* Begin PBXCopyFilesBuildPhase section */
		C52C6A1E2DED0E0B00760CD2 /* Embed Foundation Extensions */ = {
			isa = PBXCopyFilesBuildPhase;
			buildActionMask = 2147483647;
			dstPath = "";
			dstSubfolderSpec = 13;
			files = (
				C52C6A192DED0E0B00760CD2 /* VaktijaComplicationExtension.appex in Embed Foundation Extensions */,
			);
			name = "Embed Foundation Extensions";
			runOnlyForDeploymentPostprocessing = 0;
		};
		C55D9E062DEBBA24001AB943 /* Embed Watch Content */ = {
			isa = PBXCopyFilesBuildPhase;
			buildActionMask = 2147483647;
			dstPath = "$(CONTENTS_FOLDER_PATH)/Watch";
			dstSubfolderSpec = 16;
			files = (
				C55D9DDE2DEBBA22001AB943 /* vaktija-watch Watch App.app in Embed Watch Content */,
			);
			name = "Embed Watch Content";
			runOnlyForDeploymentPostprocessing = 0;
		};
/* End PBXCopyFilesBuildPhase section */

/* Begin PBXFileReference section */
		C52C6A092DED0E0A00760CD2 /* VaktijaComplicationExtension.appex */ = {isa = PBXFileReference; explicitFileType = "wrapper.app-extension"; includeInIndex = 0; path = VaktijaComplicationExtension.appex; sourceTree = BUILT_PRODUCTS_DIR; };
		C52C6A0B2DED0E0A00760CD2 /* WidgetKit.framework */ = {isa = PBXFileReference; lastKnownFileType = wrapper.framework; name = WidgetKit.framework; path = System/Library/Frameworks/WidgetKit.framework; sourceTree = SDKROOT; };
		C52C6A0D2DED0E0A00760CD2 /* SwiftUI.framework */ = {isa = PBXFileReference; lastKnownFileType = wrapper.framework; name = SwiftUI.framework; path = System/Library/Frameworks/SwiftUI.framework; sourceTree = SDKROOT; };
		C52C6A1F2DED0F5800760CD2 /* VaktijaComplicationExtension.entitlements */ = {isa = PBXFileReference; lastKnownFileType = text.plist.entitlements; path = VaktijaComplicationExtension.entitlements; sourceTree = "<group>"; };
		C55D9DD72DEBBA22001AB943 /* vaktija-watch.app */ = {isa = PBXFileReference; explicitFileType = wrapper.application; includeInIndex = 0; path = "vaktija-watch.app"; sourceTree = BUILT_PRODUCTS_DIR; };
		C55D9DDD2DEBBA22001AB943 /* vaktija-watch Watch App.app */ = {isa = PBXFileReference; explicitFileType = wrapper.application; includeInIndex = 0; path = "vaktija-watch Watch App.app"; sourceTree = BUILT_PRODUCTS_DIR; };
		C55D9DEF2DEBBA24001AB943 /* vaktija-watch Watch AppTests.xctest */ = {isa = PBXFileReference; explicitFileType = wrapper.cfbundle; includeInIndex = 0; path = "vaktija-watch Watch AppTests.xctest"; sourceTree = BUILT_PRODUCTS_DIR; };
		C55D9DF92DEBBA24001AB943 /* vaktija-watch Watch AppUITests.xctest */ = {isa = PBXFileReference; explicitFileType = wrapper.cfbundle; includeInIndex = 0; path = "vaktija-watch Watch AppUITests.xctest"; sourceTree = BUILT_PRODUCTS_DIR; };
/* End PBXFileReference section */

/* Begin PBXFileSystemSynchronizedBuildFileExceptionSet section */
		C52C6A1A2DED0E0B00760CD2 /* Exceptions for "VaktijaComplication" folder in "VaktijaComplicationExtension" target */ = {
			isa = PBXFileSystemSynchronizedBuildFileExceptionSet;
			membershipExceptions = (
				Info.plist,
			);
			target = C52C6A082DED0E0A00760CD2 /* VaktijaComplicationExtension */;
		};
		C52C6A252DED130400760CD2 /* Exceptions for "vaktija-watch Watch App" folder in "VaktijaComplicationExtension" target */ = {
			isa = PBXFileSystemSynchronizedBuildFileExceptionSet;
			membershipExceptions = (
				Data/Storage/SharedDefaults.swift,
			);
			target = C52C6A082DED0E0A00760CD2 /* VaktijaComplicationExtension */;
		};
		C52C6A2E2DED1C4000760CD2 /* Exceptions for "Assets.xcassets" folder in "vaktija-watch" target */ = {
			isa = PBXFileSystemSynchronizedBuildFileExceptionSet;
			membershipExceptions = (
				"vaktija-logo.png",
			);
			target = C55D9DD62DEBBA22001AB943 /* vaktija-watch */;
		};
/* End PBXFileSystemSynchronizedBuildFileExceptionSet section */

/* Begin PBXFileSystemSynchronizedRootGroup section */
		C52C6A0F2DED0E0A00760CD2 /* VaktijaComplication */ = {
			isa = PBXFileSystemSynchronizedRootGroup;
			exceptions = (
				C52C6A1A2DED0E0B00760CD2 /* Exceptions for "VaktijaComplication" folder in "VaktijaComplicationExtension" target */,
			);
			path = VaktijaComplication;
			sourceTree = "<group>";
		};
		C52C6A2A2DED1BED00760CD2 /* Assets.xcassets */ = {
			isa = PBXFileSystemSynchronizedRootGroup;
			exceptions = (
				C52C6A2E2DED1C4000760CD2 /* Exceptions for "Assets.xcassets" folder in "vaktija-watch" target */,
			);
			path = Assets.xcassets;
			sourceTree = "<group>";
		};
		C55D9DE12DEBBA22001AB943 /* vaktija-watch Watch App */ = {
			isa = PBXFileSystemSynchronizedRootGroup;
			exceptions = (
				C52C6A252DED130400760CD2 /* Exceptions for "vaktija-watch Watch App" folder in "VaktijaComplicationExtension" target */,
			);
			path = "vaktija-watch Watch App";
			sourceTree = "<group>";
		};
		C55D9DF22DEBBA24001AB943 /* vaktija-watch Watch AppTests */ = {
			isa = PBXFileSystemSynchronizedRootGroup;
			path = "vaktija-watch Watch AppTests";
			sourceTree = "<group>";
		};
		C55D9DFC2DEBBA24001AB943 /* vaktija-watch Watch AppUITests */ = {
			isa = PBXFileSystemSynchronizedRootGroup;
			path = "vaktija-watch Watch AppUITests";
			sourceTree = "<group>";
		};
/* End PBXFileSystemSynchronizedRootGroup section */

/* Begin PBXFrameworksBuildPhase section */
		C52C6A062DED0E0A00760CD2 /* Frameworks */ = {
			isa = PBXFrameworksBuildPhase;
			buildActionMask = 2147483647;
			files = (
				C52C6A0E2DED0E0A00760CD2 /* SwiftUI.framework in Frameworks */,
				C52C6A0C2DED0E0A00760CD2 /* WidgetKit.framework in Frameworks */,
			);
			runOnlyForDeploymentPostprocessing = 0;
		};
		C55D9DDA2DEBBA22001AB943 /* Frameworks */ = {
			isa = PBXFrameworksBuildPhase;
			buildActionMask = 2147483647;
			files = (
			);
			runOnlyForDeploymentPostprocessing = 0;
		};
		C55D9DEC2DEBBA24001AB943 /* Frameworks */ = {
			isa = PBXFrameworksBuildPhase;
			buildActionMask = 2147483647;
			files = (
			);
			runOnlyForDeploymentPostprocessing = 0;
		};
		C55D9DF62DEBBA24001AB943 /* Frameworks */ = {
			isa = PBXFrameworksBuildPhase;
			buildActionMask = 2147483647;
			files = (
			);
			runOnlyForDeploymentPostprocessing = 0;
		};
/* End PBXFrameworksBuildPhase section */

/* Begin PBXGroup section */
		C52C6A0A2DED0E0A00760CD2 /* Frameworks */ = {
			isa = PBXGroup;
			children = (
				C52C6A0B2DED0E0A00760CD2 /* WidgetKit.framework */,
				C52C6A0D2DED0E0A00760CD2 /* SwiftUI.framework */,
			);
			name = Frameworks;
			sourceTree = "<group>";
		};
		C55D9DD02DEBBA22001AB943 = {
			isa = PBXGroup;
			children = (
				C52C6A2A2DED1BED00760CD2 /* Assets.xcassets */,
				C52C6A1F2DED0F5800760CD2 /* VaktijaComplicationExtension.entitlements */,
				C55D9DE12DEBBA22001AB943 /* vaktija-watch Watch App */,
				C55D9DF22DEBBA24001AB943 /* vaktija-watch Watch AppTests */,
				C55D9DFC2DEBBA24001AB943 /* vaktija-watch Watch AppUITests */,
				C52C6A0F2DED0E0A00760CD2 /* VaktijaComplication */,
				C52C6A0A2DED0E0A00760CD2 /* Frameworks */,
				C55D9DD82DEBBA22001AB943 /* Products */,
			);
			sourceTree = "<group>";
		};
		C55D9DD82DEBBA22001AB943 /* Products */ = {
			isa = PBXGroup;
			children = (
				C55D9DD72DEBBA22001AB943 /* vaktija-watch.app */,
				C55D9DDD2DEBBA22001AB943 /* vaktija-watch Watch App.app */,
				C55D9DEF2DEBBA24001AB943 /* vaktija-watch Watch AppTests.xctest */,
				C55D9DF92DEBBA24001AB943 /* vaktija-watch Watch AppUITests.xctest */,
				C52C6A092DED0E0A00760CD2 /* VaktijaComplicationExtension.appex */,
			);
			name = Products;
			sourceTree = "<group>";
		};
/* End PBXGroup section */

/* Begin PBXNativeTarget section */
		C52C6A082DED0E0A00760CD2 /* VaktijaComplicationExtension */ = {
			isa = PBXNativeTarget;
			buildConfigurationList = C52C6A1B2DED0E0B00760CD2 /* Build configuration list for PBXNativeTarget "VaktijaComplicationExtension" */;
			buildPhases = (
				C52C6A052DED0E0A00760CD2 /* Sources */,
				C52C6A062DED0E0A00760CD2 /* Frameworks */,
				C52C6A072DED0E0A00760CD2 /* Resources */,
			);
			buildRules = (
			);
			dependencies = (
			);
			fileSystemSynchronizedGroups = (
				C52C6A0F2DED0E0A00760CD2 /* VaktijaComplication */,
				C52C6A2A2DED1BED00760CD2 /* Assets.xcassets */,
			);
			name = VaktijaComplicationExtension;
			packageProductDependencies = (
			);
			productName = VaktijaComplicationExtension;
			productReference = C52C6A092DED0E0A00760CD2 /* VaktijaComplicationExtension.appex */;
			productType = "com.apple.product-type.app-extension";
		};
		C55D9DD62DEBBA22001AB943 /* vaktija-watch */ = {
			isa = PBXNativeTarget;
			buildConfigurationList = C55D9E072DEBBA24001AB943 /* Build configuration list for PBXNativeTarget "vaktija-watch" */;
			buildPhases = (
				C55D9DD52DEBBA22001AB943 /* Resources */,
				C55D9E062DEBBA24001AB943 /* Embed Watch Content */,
			);
			buildRules = (
			);
			dependencies = (
				C55D9DE02DEBBA22001AB943 /* PBXTargetDependency */,
			);
			name = "vaktija-watch";
			packageProductDependencies = (
			);
			productName = "vaktija-watch";
			productReference = C55D9DD72DEBBA22001AB943 /* vaktija-watch.app */;
			productType = "com.apple.product-type.application.watchapp2-container";
		};
		C55D9DDC2DEBBA22001AB943 /* vaktija-watch Watch App */ = {
			isa = PBXNativeTarget;
			buildConfigurationList = C55D9E032DEBBA24001AB943 /* Build configuration list for PBXNativeTarget "vaktija-watch Watch App" */;
			buildPhases = (
				C55D9DD92DEBBA22001AB943 /* Sources */,
				C55D9DDA2DEBBA22001AB943 /* Frameworks */,
				C55D9DDB2DEBBA22001AB943 /* Resources */,
				C52C6A1E2DED0E0B00760CD2 /* Embed Foundation Extensions */,
			);
			buildRules = (
			);
			dependencies = (
				C52C6A182DED0E0B00760CD2 /* PBXTargetDependency */,
			);
			fileSystemSynchronizedGroups = (
				C55D9DE12DEBBA22001AB943 /* vaktija-watch Watch App */,
			);
			name = "vaktija-watch Watch App";
			packageProductDependencies = (
			);
			productName = "vaktija-watch Watch App";
			productReference = C55D9DDD2DEBBA22001AB943 /* vaktija-watch Watch App.app */;
			productType = "com.apple.product-type.application";
		};
		C55D9DEE2DEBBA24001AB943 /* vaktija-watch Watch AppTests */ = {
			isa = PBXNativeTarget;
			buildConfigurationList = C55D9E0A2DEBBA24001AB943 /* Build configuration list for PBXNativeTarget "vaktija-watch Watch AppTests" */;
			buildPhases = (
				C55D9DEB2DEBBA24001AB943 /* Sources */,
				C55D9DEC2DEBBA24001AB943 /* Frameworks */,
				C55D9DED2DEBBA24001AB943 /* Resources */,
			);
			buildRules = (
			);
			dependencies = (
				C55D9DF12DEBBA24001AB943 /* PBXTargetDependency */,
			);
			fileSystemSynchronizedGroups = (
				C55D9DF22DEBBA24001AB943 /* vaktija-watch Watch AppTests */,
			);
			name = "vaktija-watch Watch AppTests";
			packageProductDependencies = (
			);
			productName = "vaktija-watch Watch AppTests";
			productReference = C55D9DEF2DEBBA24001AB943 /* vaktija-watch Watch AppTests.xctest */;
			productType = "com.apple.product-type.bundle.unit-test";
		};
		C55D9DF82DEBBA24001AB943 /* vaktija-watch Watch AppUITests */ = {
			isa = PBXNativeTarget;
			buildConfigurationList = C55D9E0D2DEBBA24001AB943 /* Build configuration list for PBXNativeTarget "vaktija-watch Watch AppUITests" */;
			buildPhases = (
				C55D9DF52DEBBA24001AB943 /* Sources */,
				C55D9DF62DEBBA24001AB943 /* Frameworks */,
				C55D9DF72DEBBA24001AB943 /* Resources */,
			);
			buildRules = (
			);
			dependencies = (
				C55D9DFB2DEBBA24001AB943 /* PBXTargetDependency */,
			);
			fileSystemSynchronizedGroups = (
				C55D9DFC2DEBBA24001AB943 /* vaktija-watch Watch AppUITests */,
			);
			name = "vaktija-watch Watch AppUITests";
			packageProductDependencies = (
			);
			productName = "vaktija-watch Watch AppUITests";
			productReference = C55D9DF92DEBBA24001AB943 /* vaktija-watch Watch AppUITests.xctest */;
			productType = "com.apple.product-type.bundle.ui-testing";
		};
/* End PBXNativeTarget section */

/* Begin PBXProject section */
		C55D9DD12DEBBA22001AB943 /* Project object */ = {
			isa = PBXProject;
			attributes = {
				BuildIndependentTargetsInParallel = 1;
				LastSwiftUpdateCheck = 1600;
				LastUpgradeCheck = 1600;
				TargetAttributes = {
					C52C6A082DED0E0A00760CD2 = {
						CreatedOnToolsVersion = 16.0;
					};
					C55D9DD62DEBBA22001AB943 = {
						CreatedOnToolsVersion = 16.0;
					};
					C55D9DDC2DEBBA22001AB943 = {
						CreatedOnToolsVersion = 16.0;
					};
					C55D9DEE2DEBBA24001AB943 = {
						CreatedOnToolsVersion = 16.0;
						TestTargetID = C55D9DDC2DEBBA22001AB943;
					};
					C55D9DF82DEBBA24001AB943 = {
						CreatedOnToolsVersion = 16.0;
						TestTargetID = C55D9DDC2DEBBA22001AB943;
					};
				};
			};
			buildConfigurationList = C55D9DD42DEBBA22001AB943 /* Build configuration list for PBXProject "vaktija-watch" */;
			developmentRegion = en;
			hasScannedForEncodings = 0;
			knownRegions = (
				en,
				Base,
			);
			mainGroup = C55D9DD02DEBBA22001AB943;
			minimizedProjectReferenceProxies = 1;
			preferredProjectObjectVersion = 77;
			productRefGroup = C55D9DD82DEBBA22001AB943 /* Products */;
			projectDirPath = "";
			projectRoot = "";
			targets = (
				C55D9DD62DEBBA22001AB943 /* vaktija-watch */,
				C55D9DDC2DEBBA22001AB943 /* vaktija-watch Watch App */,
				C55D9DEE2DEBBA24001AB943 /* vaktija-watch Watch AppTests */,
				C55D9DF82DEBBA24001AB943 /* vaktija-watch Watch AppUITests */,
				C52C6A082DED0E0A00760CD2 /* VaktijaComplicationExtension */,
			);
		};
/* End PBXProject section */

/* Begin PBXResourcesBuildPhase section */
		C52C6A072DED0E0A00760CD2 /* Resources */ = {
			isa = PBXResourcesBuildPhase;
			buildActionMask = 2147483647;
			files = (
			);
			runOnlyForDeploymentPostprocessing = 0;
		};
		C55D9DD52DEBBA22001AB943 /* Resources */ = {
			isa = PBXResourcesBuildPhase;
			buildActionMask = 2147483647;
			files = (
			);
			runOnlyForDeploymentPostprocessing = 0;
		};
		C55D9DDB2DEBBA22001AB943 /* Resources */ = {
			isa = PBXResourcesBuildPhase;
			buildActionMask = 2147483647;
			files = (
			);
			runOnlyForDeploymentPostprocessing = 0;
		};
		C55D9DED2DEBBA24001AB943 /* Resources */ = {
			isa = PBXResourcesBuildPhase;
			buildActionMask = 2147483647;
			files = (
			);
			runOnlyForDeploymentPostprocessing = 0;
		};
		C55D9DF72DEBBA24001AB943 /* Resources */ = {
			isa = PBXResourcesBuildPhase;
			buildActionMask = 2147483647;
			files = (
			);
			runOnlyForDeploymentPostprocessing = 0;
		};
/* End PBXResourcesBuildPhase section */

/* Begin PBXSourcesBuildPhase section */
		C52C6A052DED0E0A00760CD2 /* Sources */ = {
			isa = PBXSourcesBuildPhase;
			buildActionMask = 2147483647;
			files = (
			);
			runOnlyForDeploymentPostprocessing = 0;
		};
		C55D9DD92DEBBA22001AB943 /* Sources */ = {
			isa = PBXSourcesBuildPhase;
			buildActionMask = 2147483647;
			files = (
			);
			runOnlyForDeploymentPostprocessing = 0;
		};
		C55D9DEB2DEBBA24001AB943 /* Sources */ = {
			isa = PBXSourcesBuildPhase;
			buildActionMask = 2147483647;
			files = (
			);
			runOnlyForDeploymentPostprocessing = 0;
		};
		C55D9DF52DEBBA24001AB943 /* Sources */ = {
			isa = PBXSourcesBuildPhase;
			buildActionMask = 2147483647;
			files = (
			);
			runOnlyForDeploymentPostprocessing = 0;
		};
/* End PBXSourcesBuildPhase section */

/* Begin PBXTargetDependency section */
		C52C6A182DED0E0B00760CD2 /* PBXTargetDependency */ = {
			isa = PBXTargetDependency;
			target = C52C6A082DED0E0A00760CD2 /* VaktijaComplicationExtension */;
			targetProxy = C52C6A172DED0E0B00760CD2 /* PBXContainerItemProxy */;
		};
		C55D9DE02DEBBA22001AB943 /* PBXTargetDependency */ = {
			isa = PBXTargetDependency;
			target = C55D9DDC2DEBBA22001AB943 /* vaktija-watch Watch App */;
			targetProxy = C55D9DDF2DEBBA22001AB943 /* PBXContainerItemProxy */;
		};
		C55D9DF12DEBBA24001AB943 /* PBXTargetDependency */ = {
			isa = PBXTargetDependency;
			target = C55D9DDC2DEBBA22001AB943 /* vaktija-watch Watch App */;
			targetProxy = C55D9DF02DEBBA24001AB943 /* PBXContainerItemProxy */;
		};
		C55D9DFB2DEBBA24001AB943 /* PBXTargetDependency */ = {
			isa = PBXTargetDependency;
			target = C55D9DDC2DEBBA22001AB943 /* vaktija-watch Watch App */;
			targetProxy = C55D9DFA2DEBBA24001AB943 /* PBXContainerItemProxy */;
		};
/* End PBXTargetDependency section */

/* Begin XCBuildConfiguration section */
		C52C6A1C2DED0E0B00760CD2 /* Debug */ = {
			isa = XCBuildConfiguration;
			buildSettings = {
				ASSETCATALOG_COMPILER_GLOBAL_ACCENT_COLOR_NAME = AccentColor;
				ASSETCATALOG_COMPILER_WIDGET_BACKGROUND_COLOR_NAME = WidgetBackground;
				CODE_SIGN_ENTITLEMENTS = VaktijaComplicationExtension.entitlements;
				CODE_SIGN_STYLE = Automatic;
				CURRENT_PROJECT_VERSION = 1;
				DEVELOPMENT_TEAM = 79TZ3UW43F;
				GENERATE_INFOPLIST_FILE = YES;
				INFOPLIST_FILE = VaktijaComplication/Info.plist;
				INFOPLIST_KEY_CFBundleDisplayName = VaktijaComplication;
				INFOPLIST_KEY_NSHumanReadableCopyright = "";
				LD_RUNPATH_SEARCH_PATHS = (
					"$(inherited)",
					"@executable_path/Frameworks",
					"@executable_path/../../Frameworks",
					"@executable_path/../../../../Frameworks",
				);
				MARKETING_VERSION = 1.0;
				PRODUCT_BUNDLE_IDENTIFIER = "-78.vaktija-watch.watchkitapp.VaktijaComplication";
				PRODUCT_NAME = "$(TARGET_NAME)";
				SDKROOT = watchos;
				SKIP_INSTALL = YES;
				SWIFT_EMIT_LOC_STRINGS = YES;
				SWIFT_VERSION = 5.0;
				TARGETED_DEVICE_FAMILY = 4;
				WATCHOS_DEPLOYMENT_TARGET = 11.0;
			};
			name = Debug;
		};
		C52C6A1D2DED0E0B00760CD2 /* Release */ = {
			isa = XCBuildConfiguration;
			buildSettings = {
				ASSETCATALOG_COMPILER_GLOBAL_ACCENT_COLOR_NAME = AccentColor;
				ASSETCATALOG_COMPILER_WIDGET_BACKGROUND_COLOR_NAME = WidgetBackground;
				CODE_SIGN_ENTITLEMENTS = VaktijaComplicationExtension.entitlements;
				CODE_SIGN_STYLE = Automatic;
				CURRENT_PROJECT_VERSION = 1;
				DEVELOPMENT_TEAM = 79TZ3UW43F;
				GENERATE_INFOPLIST_FILE = YES;
				INFOPLIST_FILE = VaktijaComplication/Info.plist;
				INFOPLIST_KEY_CFBundleDisplayName = VaktijaComplication;
				INFOPLIST_KEY_NSHumanReadableCopyright = "";
				LD_RUNPATH_SEARCH_PATHS = (
					"$(inherited)",
					"@executable_path/Frameworks",
					"@executable_path/../../Frameworks",
					"@executable_path/../../../../Frameworks",
				);
				MARKETING_VERSION = 1.0;
				PRODUCT_BUNDLE_IDENTIFIER = "-78.vaktija-watch.watchkitapp.VaktijaComplication";
				PRODUCT_NAME = "$(TARGET_NAME)";
				SDKROOT = watchos;
				SKIP_INSTALL = YES;
				SWIFT_EMIT_LOC_STRINGS = YES;
				SWIFT_VERSION = 5.0;
				TARGETED_DEVICE_FAMILY = 4;
				VALIDATE_PRODUCT = YES;
				WATCHOS_DEPLOYMENT_TARGET = 11.0;
			};
			name = Release;
		};
		C55D9E012DEBBA24001AB943 /* Debug */ = {
			isa = XCBuildConfiguration;
			buildSettings = {
				ALWAYS_SEARCH_USER_PATHS = NO;
				ASSETCATALOG_COMPILER_GENERATE_SWIFT_ASSET_SYMBOL_EXTENSIONS = YES;
				CLANG_ANALYZER_NONNULL = YES;
				CLANG_ANALYZER_NUMBER_OBJECT_CONVERSION = YES_AGGRESSIVE;
				CLANG_CXX_LANGUAGE_STANDARD = "gnu++20";
				CLANG_ENABLE_MODULES = YES;
				CLANG_ENABLE_OBJC_ARC = YES;
				CLANG_ENABLE_OBJC_WEAK = YES;
				CLANG_WARN_BLOCK_CAPTURE_AUTORELEASING = YES;
				CLANG_WARN_BOOL_CONVERSION = YES;
				CLANG_WARN_COMMA = YES;
				CLANG_WARN_CONSTANT_CONVERSION = YES;
				CLANG_WARN_DEPRECATED_OBJC_IMPLEMENTATIONS = YES;
				CLANG_WARN_DIRECT_OBJC_ISA_USAGE = YES_ERROR;
				CLANG_WARN_DOCUMENTATION_COMMENTS = YES;
				CLANG_WARN_EMPTY_BODY = YES;
				CLANG_WARN_ENUM_CONVERSION = YES;
				CLANG_WARN_INFINITE_RECURSION = YES;
				CLANG_WARN_INT_CONVERSION = YES;
				CLANG_WARN_NON_LITERAL_NULL_CONVERSION = YES;
				CLANG_WARN_OBJC_IMPLICIT_RETAIN_SELF = YES;
				CLANG_WARN_OBJC_LITERAL_CONVERSION = YES;
				CLANG_WARN_OBJC_ROOT_CLASS = YES_ERROR;
				CLANG_WARN_QUOTED_INCLUDE_IN_FRAMEWORK_HEADER = YES;
				CLANG_WARN_RANGE_LOOP_ANALYSIS = YES;
				CLANG_WARN_STRICT_PROTOTYPES = YES;
				CLANG_WARN_SUSPICIOUS_MOVE = YES;
				CLANG_WARN_UNGUARDED_AVAILABILITY = YES_AGGRESSIVE;
				CLANG_WARN_UNREACHABLE_CODE = YES;
				CLANG_WARN__DUPLICATE_METHOD_MATCH = YES;
				COPY_PHASE_STRIP = NO;
				DEBUG_INFORMATION_FORMAT = dwarf;
				ENABLE_STRICT_OBJC_MSGSEND = YES;
				ENABLE_TESTABILITY = YES;
				ENABLE_USER_SCRIPT_SANDBOXING = YES;
				GCC_C_LANGUAGE_STANDARD = gnu17;
				GCC_DYNAMIC_NO_PIC = NO;
				GCC_NO_COMMON_BLOCKS = YES;
				GCC_OPTIMIZATION_LEVEL = 0;
				GCC_PREPROCESSOR_DEFINITIONS = (
					"DEBUG=1",
					"$(inherited)",
				);
				GCC_WARN_64_TO_32_BIT_CONVERSION = YES;
				GCC_WARN_ABOUT_RETURN_TYPE = YES_ERROR;
				GCC_WARN_UNDECLARED_SELECTOR = YES;
				GCC_WARN_UNINITIALIZED_AUTOS = YES_AGGRESSIVE;
				GCC_WARN_UNUSED_FUNCTION = YES;
				GCC_WARN_UNUSED_VARIABLE = YES;
				LOCALIZATION_PREFERS_STRING_CATALOGS = YES;
				MTL_ENABLE_DEBUG_INFO = INCLUDE_SOURCE;
				MTL_FAST_MATH = YES;
				ONLY_ACTIVE_ARCH = YES;
				SWIFT_ACTIVE_COMPILATION_CONDITIONS = "DEBUG $(inherited)";
				SWIFT_OPTIMIZATION_LEVEL = "-Onone";
			};
			name = Debug;
		};
		C55D9E022DEBBA24001AB943 /* Release */ = {
			isa = XCBuildConfiguration;
			buildSettings = {
				ALWAYS_SEARCH_USER_PATHS = NO;
				ASSETCATALOG_COMPILER_GENERATE_SWIFT_ASSET_SYMBOL_EXTENSIONS = YES;
				CLANG_ANALYZER_NONNULL = YES;
				CLANG_ANALYZER_NUMBER_OBJECT_CONVERSION = YES_AGGRESSIVE;
				CLANG_CXX_LANGUAGE_STANDARD = "gnu++20";
				CLANG_ENABLE_MODULES = YES;
				CLANG_ENABLE_OBJC_ARC = YES;
				CLANG_ENABLE_OBJC_WEAK = YES;
				CLANG_WARN_BLOCK_CAPTURE_AUTORELEASING = YES;
				CLANG_WARN_BOOL_CONVERSION = YES;
				CLANG_WARN_COMMA = YES;
				CLANG_WARN_CONSTANT_CONVERSION = YES;
				CLANG_WARN_DEPRECATED_OBJC_IMPLEMENTATIONS = YES;
				CLANG_WARN_DIRECT_OBJC_ISA_USAGE = YES_ERROR;
				CLANG_WARN_DOCUMENTATION_COMMENTS = YES;
				CLANG_WARN_EMPTY_BODY = YES;
				CLANG_WARN_ENUM_CONVERSION = YES;
				CLANG_WARN_INFINITE_RECURSION = YES;
				CLANG_WARN_INT_CONVERSION = YES;
				CLANG_WARN_NON_LITERAL_NULL_CONVERSION = YES;
				CLANG_WARN_OBJC_IMPLICIT_RETAIN_SELF = YES;
				CLANG_WARN_OBJC_LITERAL_CONVERSION = YES;
				CLANG_WARN_OBJC_ROOT_CLASS = YES_ERROR;
				CLANG_WARN_QUOTED_INCLUDE_IN_FRAMEWORK_HEADER = YES;
				CLANG_WARN_RANGE_LOOP_ANALYSIS = YES;
				CLANG_WARN_STRICT_PROTOTYPES = YES;
				CLANG_WARN_SUSPICIOUS_MOVE = YES;
				CLANG_WARN_UNGUARDED_AVAILABILITY = YES_AGGRESSIVE;
				CLANG_WARN_UNREACHABLE_CODE = YES;
				CLANG_WARN__DUPLICATE_METHOD_MATCH = YES;
				COPY_PHASE_STRIP = NO;
				DEBUG_INFORMATION_FORMAT = "dwarf-with-dsym";
				ENABLE_NS_ASSERTIONS = NO;
				ENABLE_STRICT_OBJC_MSGSEND = YES;
				ENABLE_USER_SCRIPT_SANDBOXING = YES;
				GCC_C_LANGUAGE_STANDARD = gnu17;
				GCC_NO_COMMON_BLOCKS = YES;
				GCC_WARN_64_TO_32_BIT_CONVERSION = YES;
				GCC_WARN_ABOUT_RETURN_TYPE = YES_ERROR;
				GCC_WARN_UNDECLARED_SELECTOR = YES;
				GCC_WARN_UNINITIALIZED_AUTOS = YES_AGGRESSIVE;
				GCC_WARN_UNUSED_FUNCTION = YES;
				GCC_WARN_UNUSED_VARIABLE = YES;
				LOCALIZATION_PREFERS_STRING_CATALOGS = YES;
				MTL_ENABLE_DEBUG_INFO = NO;
				MTL_FAST_MATH = YES;
				SWIFT_COMPILATION_MODE = wholemodule;
			};
			name = Release;
		};
		C55D9E042DEBBA24001AB943 /* Debug */ = {
			isa = XCBuildConfiguration;
			buildSettings = {
				ASSETCATALOG_COMPILER_APPICON_NAME = AppIcon;
				ASSETCATALOG_COMPILER_GLOBAL_ACCENT_COLOR_NAME = AccentColor;
				CODE_SIGN_ENTITLEMENTS = "vaktija-watch Watch App/vaktija-watch Watch App.entitlements";
				CODE_SIGN_STYLE = Automatic;
				CURRENT_PROJECT_VERSION = 1;
				DEVELOPMENT_ASSET_PATHS = "\"vaktija-watch Watch App/Preview Content\"";
				DEVELOPMENT_TEAM = 79TZ3UW43F;
				ENABLE_PREVIEWS = YES;
				GENERATE_INFOPLIST_FILE = YES;
				INFOPLIST_KEY_CFBundleDisplayName = "vaktija-watch";
				INFOPLIST_KEY_UISupportedInterfaceOrientations = "UIInterfaceOrientationPortrait UIInterfaceOrientationPortraitUpsideDown";
				INFOPLIST_KEY_WKWatchOnly = YES;
				LD_RUNPATH_SEARCH_PATHS = (
					"$(inherited)",
					"@executable_path/Frameworks",
				);
				MARKETING_VERSION = 1.0;
				PRODUCT_BUNDLE_IDENTIFIER = "-78.vaktija-watch.watchkitapp";
				PRODUCT_NAME = "$(TARGET_NAME)";
				SDKROOT = watchos;
				SKIP_INSTALL = YES;
				SWIFT_EMIT_LOC_STRINGS = YES;
				SWIFT_VERSION = 5.0;
				TARGETED_DEVICE_FAMILY = 4;
				WATCHOS_DEPLOYMENT_TARGET = 11.0;
			};
			name = Debug;
		};
		C55D9E052DEBBA24001AB943 /* Release */ = {
			isa = XCBuildConfiguration;
			buildSettings = {
				ASSETCATALOG_COMPILER_APPICON_NAME = AppIcon;
				ASSETCATALOG_COMPILER_GLOBAL_ACCENT_COLOR_NAME = AccentColor;
				CODE_SIGN_ENTITLEMENTS = "vaktija-watch Watch App/vaktija-watch Watch App.entitlements";
				CODE_SIGN_STYLE = Automatic;
				CURRENT_PROJECT_VERSION = 1;
				DEVELOPMENT_ASSET_PATHS = "\"vaktija-watch Watch App/Preview Content\"";
				DEVELOPMENT_TEAM = 79TZ3UW43F;
				ENABLE_PREVIEWS = YES;
				GENERATE_INFOPLIST_FILE = YES;
				INFOPLIST_KEY_CFBundleDisplayName = "vaktija-watch";
				INFOPLIST_KEY_UISupportedInterfaceOrientations = "UIInterfaceOrientationPortrait UIInterfaceOrientationPortraitUpsideDown";
				INFOPLIST_KEY_WKWatchOnly = YES;
				LD_RUNPATH_SEARCH_PATHS = (
					"$(inherited)",
					"@executable_path/Frameworks",
				);
				MARKETING_VERSION = 1.0;
				PRODUCT_BUNDLE_IDENTIFIER = "-78.vaktija-watch.watchkitapp";
				PRODUCT_NAME = "$(TARGET_NAME)";
				SDKROOT = watchos;
				SKIP_INSTALL = YES;
				SWIFT_EMIT_LOC_STRINGS = YES;
				SWIFT_VERSION = 5.0;
				TARGETED_DEVICE_FAMILY = 4;
				VALIDATE_PRODUCT = YES;
				WATCHOS_DEPLOYMENT_TARGET = 11.0;
			};
			name = Release;
		};
		C55D9E082DEBBA24001AB943 /* Debug */ = {
			isa = XCBuildConfiguration;
			buildSettings = {
				CODE_SIGN_STYLE = Automatic;
				CURRENT_PROJECT_VERSION = 1;
				DEVELOPMENT_TEAM = 79TZ3UW43F;
				INFOPLIST_KEY_CFBundleDisplayName = "vaktija-watch";
				MARKETING_VERSION = 1.0;
				PRODUCT_BUNDLE_IDENTIFIER = "-78.vaktija-watch";
				PRODUCT_NAME = "$(TARGET_NAME)";
				SDKROOT = iphoneos;
				SWIFT_VERSION = 5.0;
			};
			name = Debug;
		};
		C55D9E092DEBBA24001AB943 /* Release */ = {
			isa = XCBuildConfiguration;
			buildSettings = {
				CODE_SIGN_STYLE = Automatic;
				CURRENT_PROJECT_VERSION = 1;
				DEVELOPMENT_TEAM = 79TZ3UW43F;
				INFOPLIST_KEY_CFBundleDisplayName = "vaktija-watch";
				MARKETING_VERSION = 1.0;
				PRODUCT_BUNDLE_IDENTIFIER = "-78.vaktija-watch";
				PRODUCT_NAME = "$(TARGET_NAME)";
				SDKROOT = iphoneos;
				SWIFT_VERSION = 5.0;
				VALIDATE_PRODUCT = YES;
			};
			name = Release;
		};
		C55D9E0B2DEBBA24001AB943 /* Debug */ = {
			isa = XCBuildConfiguration;
			buildSettings = {
				BUNDLE_LOADER = "$(TEST_HOST)";
				CODE_SIGN_STYLE = Automatic;
				CURRENT_PROJECT_VERSION = 1;
				DEVELOPMENT_TEAM = 79TZ3UW43F;
				GENERATE_INFOPLIST_FILE = YES;
				MARKETING_VERSION = 1.0;
				PRODUCT_BUNDLE_IDENTIFIER = "-78.vaktija-watch-Watch-AppTests";
				PRODUCT_NAME = "$(TARGET_NAME)";
				SDKROOT = watchos;
				SWIFT_EMIT_LOC_STRINGS = NO;
				SWIFT_VERSION = 5.0;
				TARGETED_DEVICE_FAMILY = 4;
				TEST_HOST = "$(BUILT_PRODUCTS_DIR)/vaktija-watch Watch App.app/$(BUNDLE_EXECUTABLE_FOLDER_PATH)/vaktija-watch Watch App";
				WATCHOS_DEPLOYMENT_TARGET = 11.0;
			};
			name = Debug;
		};
		C55D9E0C2DEBBA24001AB943 /* Release */ = {
			isa = XCBuildConfiguration;
			buildSettings = {
				BUNDLE_LOADER = "$(TEST_HOST)";
				CODE_SIGN_STYLE = Automatic;
				CURRENT_PROJECT_VERSION = 1;
				DEVELOPMENT_TEAM = 79TZ3UW43F;
				GENERATE_INFOPLIST_FILE = YES;
				MARKETING_VERSION = 1.0;
				PRODUCT_BUNDLE_IDENTIFIER = "-78.vaktija-watch-Watch-AppTests";
				PRODUCT_NAME = "$(TARGET_NAME)";
				SDKROOT = watchos;
				SWIFT_EMIT_LOC_STRINGS = NO;
				SWIFT_VERSION = 5.0;
				TARGETED_DEVICE_FAMILY = 4;
				TEST_HOST = "$(BUILT_PRODUCTS_DIR)/vaktija-watch Watch App.app/$(BUNDLE_EXECUTABLE_FOLDER_PATH)/vaktija-watch Watch App";
				VALIDATE_PRODUCT = YES;
				WATCHOS_DEPLOYMENT_TARGET = 11.0;
			};
			name = Release;
		};
		C55D9E0E2DEBBA24001AB943 /* Debug */ = {
			isa = XCBuildConfiguration;
			buildSettings = {
				CODE_SIGN_STYLE = Automatic;
				CURRENT_PROJECT_VERSION = 1;
				DEVELOPMENT_TEAM = 79TZ3UW43F;
				GENERATE_INFOPLIST_FILE = YES;
				MARKETING_VERSION = 1.0;
				PRODUCT_BUNDLE_IDENTIFIER = "-78.vaktija-watch-Watch-AppUITests";
				PRODUCT_NAME = "$(TARGET_NAME)";
				SDKROOT = watchos;
				SWIFT_EMIT_LOC_STRINGS = NO;
				SWIFT_VERSION = 5.0;
				TARGETED_DEVICE_FAMILY = 4;
				TEST_TARGET_NAME = "vaktija-watch Watch App";
				WATCHOS_DEPLOYMENT_TARGET = 11.0;
			};
			name = Debug;
		};
		C55D9E0F2DEBBA24001AB943 /* Release */ = {
			isa = XCBuildConfiguration;
			buildSettings = {
				CODE_SIGN_STYLE = Automatic;
				CURRENT_PROJECT_VERSION = 1;
				DEVELOPMENT_TEAM = 79TZ3UW43F;
				GENERATE_INFOPLIST_FILE = YES;
				MARKETING_VERSION = 1.0;
				PRODUCT_BUNDLE_IDENTIFIER = "-78.vaktija-watch-Watch-AppUITests";
				PRODUCT_NAME = "$(TARGET_NAME)";
				SDKROOT = watchos;
				SWIFT_EMIT_LOC_STRINGS = NO;
				SWIFT_VERSION = 5.0;
				TARGETED_DEVICE_FAMILY = 4;
				TEST_TARGET_NAME = "vaktija-watch Watch App";
				VALIDATE_PRODUCT = YES;
				WATCHOS_DEPLOYMENT_TARGET = 11.0;
			};
			name = Release;
		};
/* End XCBuildConfiguration section */

/* Begin XCConfigurationList section */
		C52C6A1B2DED0E0B00760CD2 /* Build configuration list for PBXNativeTarget "VaktijaComplicationExtension" */ = {
			isa = XCConfigurationList;
			buildConfigurations = (
				C52C6A1C2DED0E0B00760CD2 /* Debug */,
				C52C6A1D2DED0E0B00760CD2 /* Release */,
			);
			defaultConfigurationIsVisible = 0;
			defaultConfigurationName = Release;
		};
		C55D9DD42DEBBA22001AB943 /* Build configuration list for PBXProject "vaktija-watch" */ = {
			isa = XCConfigurationList;
			buildConfigurations = (
				C55D9E012DEBBA24001AB943 /* Debug */,
				C55D9E022DEBBA24001AB943 /* Release */,
			);
			defaultConfigurationIsVisible = 0;
			defaultConfigurationName = Release;
		};
		C55D9E032DEBBA24001AB943 /* Build configuration list for PBXNativeTarget "vaktija-watch Watch App" */ = {
			isa = XCConfigurationList;
			buildConfigurations = (
				C55D9E042DEBBA24001AB943 /* Debug */,
				C55D9E052DEBBA24001AB943 /* Release */,
			);
			defaultConfigurationIsVisible = 0;
			defaultConfigurationName = Release;
		};
		C55D9E072DEBBA24001AB943 /* Build configuration list for PBXNativeTarget "vaktija-watch" */ = {
			isa = XCConfigurationList;
			buildConfigurations = (
				C55D9E082DEBBA24001AB943 /* Debug */,
				C55D9E092DEBBA24001AB943 /* Release */,
			);
			defaultConfigurationIsVisible = 0;
			defaultConfigurationName = Release;
		};
		C55D9E0A2DEBBA24001AB943 /* Build configuration list for PBXNativeTarget "vaktija-watch Watch AppTests" */ = {
			isa = XCConfigurationList;
			buildConfigurations = (
				C55D9E0B2DEBBA24001AB943 /* Debug */,
				C55D9E0C2DEBBA24001AB943 /* Release */,
			);
			defaultConfigurationIsVisible = 0;
			defaultConfigurationName = Release;
		};
		C55D9E0D2DEBBA24001AB943 /* Build configuration list for PBXNativeTarget "vaktija-watch Watch AppUITests" */ = {
			isa = XCConfigurationList;
			buildConfigurations = (
				C55D9E0E2DEBBA24001AB943 /* Debug */,
				C55D9E0F2DEBBA24001AB943 /* Release */,
			);
			defaultConfigurationIsVisible = 0;
			defaultConfigurationName = Release;
		};
/* End XCConfigurationList section */
	};
	rootObject = C55D9DD12DEBBA22001AB943 /* Project object */;
}
